// !$*UTF8*$!
{
	archiveVersion = 1;
	classes = {
	};
	objectVersion = 55;
	objects = {

/* Begin PBXBuildFile section */
		CEDCA88A28A1E1C9002948C2 /* AppDelegate.swift in Sources */ = {isa = PBXBuildFile; fileRef = CEDCA88928A1E1C9002948C2 /* AppDelegate.swift */; };
		CEDCA88C28A1E1C9002948C2 /* SceneDelegate.swift in Sources */ = {isa = PBXBuildFile; fileRef = CEDCA88B28A1E1C9002948C2 /* SceneDelegate.swift */; };
		CEDCA88E28A1E1C9002948C2 /* ViewController.swift in Sources */ = {isa = PBXBuildFile; fileRef = CEDCA88D28A1E1C9002948C2 /* ViewController.swift */; };
		CEDCA89128A1E1C9002948C2 /* Main.storyboard in Resources */ = {isa = PBXBuildFile; fileRef = CEDCA88F28A1E1C9002948C2 /* Main.storyboard */; };
		CEDCA89428A1E1C9002948C2 /* CoreDataDoList.xcdatamodeld in Sources */ = {isa = PBXBuildFile; fileRef = CEDCA89228A1E1C9002948C2 /* CoreDataDoList.xcdatamodeld */; };
		CEDCA89628A1E1CC002948C2 /* Assets.xcassets in Resources */ = {isa = PBXBuildFile; fileRef = CEDCA89528A1E1CC002948C2 /* Assets.xcassets */; };
		CEDCA89928A1E1CC002948C2 /* LaunchScreen.storyboard in Resources */ = {isa = PBXBuildFile; fileRef = CEDCA89728A1E1CC002948C2 /* LaunchScreen.storyboard */; };
		CEDCA8A228A1E2BD002948C2 /* ToDoListItem+CoreDataClass.swift in Sources */ = {isa = PBXBuildFile; fileRef = CEDCA8A028A1E2BD002948C2 /* ToDoListItem+CoreDataClass.swift */; };
		CEDCA8A328A1E2BD002948C2 /* ToDoListItem+CoreDataProperties.swift in Sources */ = {isa = PBXBuildFile; fileRef = CEDCA8A128A1E2BD002948C2 /* ToDoListItem+CoreDataProperties.swift */; };
/* End PBXBuildFile section */

/* Begin PBXFileReference section */
		CEDCA88628A1E1C9002948C2 /* CoreDataDoList.app */ = {isa = PBXFileReference; explicitFileType = wrapper.application; includeInIndex = 0; path = CoreDataDoList.app; sourceTree = BUILT_PRODUCTS_DIR; };
		CEDCA88928A1E1C9002948C2 /* AppDelegate.swift */ = {isa = PBXFileReference; lastKnownFileType = sourcecode.swift; path = AppDelegate.swift; sourceTree = "<group>"; };
		CEDCA88B28A1E1C9002948C2 /* SceneDelegate.swift */ = {isa = PBXFileReference; lastKnownFileType = sourcecode.swift; path = SceneDelegate.swift; sourceTree = "<group>"; };
		CEDCA88D28A1E1C9002948C2 /* ViewController.swift */ = {isa = PBXFileReference; lastKnownFileType = sourcecode.swift; path = ViewController.swift; sourceTree = "<group>"; };
		CEDCA89028A1E1C9002948C2 /* Base */ = {isa = PBXFileReference; lastKnownFileType = file.storyboard; name = Base; path = Base.lproj/Main.storyboard; sourceTree = "<group>"; };
		CEDCA89328A1E1C9002948C2 /* CoreDataDoList.xcdatamodel */ = {isa = PBXFileReference; lastKnownFileType = wrapper.xcdatamodel; path = CoreDataDoList.xcdatamodel; sourceTree = "<group>"; };
		CEDCA89528A1E1CC002948C2 /* Assets.xcassets */ = {isa = PBXFileReference; lastKnownFileType = folder.assetcatalog; path = Assets.xcassets; sourceTree = "<group>"; };
		CEDCA89828A1E1CC002948C2 /* Base */ = {isa = PBXFileReference; lastKnownFileType = file.storyboard; name = Base; path = Base.lproj/LaunchScreen.storyboard; sourceTree = "<group>"; };
		CEDCA89A28A1E1CC002948C2 /* Info.plist */ = {isa = PBXFileReference; lastKnownFileType = text.plist.xml; path = Info.plist; sourceTree = "<group>"; };
		CEDCA8A028A1E2BD002948C2 /* ToDoListItem+CoreDataClass.swift */ = {isa = PBXFileReference; lastKnownFileType = sourcecode.swift; path = "ToDoListItem+CoreDataClass.swift"; sourceTree = "<group>"; };
		CEDCA8A128A1E2BD002948C2 /* ToDoListItem+CoreDataProperties.swift */ = {isa = PBXFileReference; lastKnownFileType = sourcecode.swift; path = "ToDoListItem+CoreDataProperties.swift"; sourceTree = "<group>"; };
/* End PBXFileReference section */

/* Begin PBXFrameworksBuildPhase section */
		CEDCA88328A1E1C9002948C2 /* Frameworks */ = {
			isa = PBXFrameworksBuildPhase;
			buildActionMask = 2147483647;
			files = (
			);
			runOnlyForDeploymentPostprocessing = 0;
		};
/* End PBXFrameworksBuildPhase section */

/* Begin PBXGroup section */
		CEDCA87D28A1E1C9002948C2 = {
			isa = PBXGroup;
			children = (
				CEDCA8A428A1E301002948C2 /* ToDoListItem */,
				CEDCA88828A1E1C9002948C2 /* CoreDataDoList */,
				CEDCA88728A1E1C9002948C2 /* Products */,
			);
			sourceTree = "<group>";
		};
		CEDCA88728A1E1C9002948C2 /* Products */ = {
			isa = PBXGroup;
			children = (
				CEDCA88628A1E1C9002948C2 /* CoreDataDoList.app */,
			);
			name = Products;
			sourceTree = "<group>";
		};
		CEDCA88828A1E1C9002948C2 /* CoreDataDoList */ = {
			isa = PBXGroup;
			children = (
				CEDCA88928A1E1C9002948C2 /* AppDelegate.swift */,
				CEDCA88B28A1E1C9002948C2 /* SceneDelegate.swift */,
				CEDCA88D28A1E1C9002948C2 /* ViewController.swift */,
				CEDCA88F28A1E1C9002948C2 /* Main.storyboard */,
				CEDCA89528A1E1CC002948C2 /* Assets.xcassets */,
				CEDCA89728A1E1CC002948C2 /* LaunchScreen.storyboard */,
				CEDCA89A28A1E1CC002948C2 /* Info.plist */,
				CEDCA89228A1E1C9002948C2 /* CoreDataDoList.xcdatamodeld */,
			);
			path = CoreDataDoList;
			sourceTree = "<group>";
		};
		CEDCA8A428A1E301002948C2 /* ToDoListItem */ = {
			isa = PBXGroup;
			children = (
				CEDCA8A028A1E2BD002948C2 /* ToDoListItem+CoreDataClass.swift */,
				CEDCA8A128A1E2BD002948C2 /* ToDoListItem+CoreDataProperties.swift */,
			);
			name = ToDoListItem;
			sourceTree = "<group>";
		};
/* End PBXGroup section */

/* Begin PBXNativeTarget section */
		CEDCA88528A1E1C9002948C2 /* CoreDataDoList */ = {
			isa = PBXNativeTarget;
			buildConfigurationList = CEDCA89D28A1E1CC002948C2 /* Build configuration list for PBXNativeTarget "CoreDataDoList" */;
			buildPhases = (
				CEDCA88228A1E1C9002948C2 /* Sources */,
				CEDCA88328A1E1C9002948C2 /* Frameworks */,
				CEDCA88428A1E1C9002948C2 /* Resources */,
			);
			buildRules = (
			);
			dependencies = (
			);
			name = CoreDataDoList;
			productName = CoreDataDoList;
			productReference = CEDCA88628A1E1C9002948C2 /* CoreDataDoList.app */;
			productType = "com.apple.product-type.application";
		};
/* End PBXNativeTarget section */

/* Begin PBXProject section */
		CEDCA87E28A1E1C9002948C2 /* Project object */ = {
			isa = PBXProject;
			attributes = {
				BuildIndependentTargetsInParallel = 1;
				LastSwiftUpdateCheck = 1340;
				LastUpgradeCheck = 1340;
				TargetAttributes = {
					CEDCA88528A1E1C9002948C2 = {
						CreatedOnToolsVersion = 13.4.1;
					};
				};
			};
			buildConfigurationList = CEDCA88128A1E1C9002948C2 /* Build configuration list for PBXProject "CoreDataDoList" */;
			compatibilityVersion = "Xcode 13.0";
			developmentRegion = en;
			hasScannedForEncodings = 0;
			knownRegions = (
				en,
				Base,
			);
			mainGroup = CEDCA87D28A1E1C9002948C2;
			productRefGroup = CEDCA88728A1E1C9002948C2 /* Products */;
			projectDirPath = "";
			projectRoot = "";
			targets = (
				CEDCA88528A1E1C9002948C2 /* CoreDataDoList */,
			);
		};
/* End PBXProject section */

/* Begin PBXResourcesBuildPhase section */
		CEDCA88428A1E1C9002948C2 /* Resources */ = {
			isa = PBXResourcesBuildPhase;
			buildActionMask = 2147483647;
			files = (
				CEDCA89928A1E1CC002948C2 /* LaunchScreen.storyboard in Resources */,
				CEDCA89628A1E1CC002948C2 /* Assets.xcassets in Resources */,
				CEDCA89128A1E1C9002948C2 /* Main.storyboard in Resources */,
			);
			runOnlyForDeploymentPostprocessing = 0;
		};
/* End PBXResourcesBuildPhase section */

/* Begin PBXSourcesBuildPhase section */
		CEDCA88228A1E1C9002948C2 /* Sources */ = {
			isa = PBXSourcesBuildPhase;
			buildActionMask = 2147483647;
			files = (
				CEDCA88E28A1E1C9002948C2 /* ViewController.swift in Sources */,
				CEDCA89428A1E1C9002948C2 /* CoreDataDoList.xcdatamodeld in Sources */,
				CEDCA88A28A1E1C9002948C2 /* AppDelegate.swift in Sources */,
				CEDCA8A228A1E2BD002948C2 /* ToDoListItem+CoreDataClass.swift in Sources */,
				CEDCA8A328A1E2BD002948C2 /* ToDoListItem+CoreDataProperties.swift in Sources */,
				CEDCA88C28A1E1C9002948C2 /* SceneDelegate.swift in Sources */,
			);
			runOnlyForDeploymentPostprocessing = 0;
		};
/* End PBXSourcesBuildPhase section */

/* Begin PBXVariantGroup section */
		CEDCA88F28A1E1C9002948C2 /* Main.storyboard */ = {
			isa = PBXVariantGroup;
			children = (
				CEDCA89028A1E1C9002948C2 /* Base */,
			);
			name = Main.storyboard;
			sourceTree = "<group>";
		};
		CEDCA89728A1E1CC002948C2 /* LaunchScreen.storyboard */ = {
			isa = PBXVariantGroup;
			children = (
				CEDCA89828A1E1CC002948C2 /* Base */,
			);
			name = LaunchScreen.storyboard;
			sourceTree = "<group>";
		};
/* End PBXVariantGroup section */

/* Begin XCBuildConfiguration section */
		CEDCA89B28A1E1CC002948C2 /* Debug */ = {
			isa = XCBuildConfiguration;
			buildSettings = {
				ALWAYS_SEARCH_USER_PATHS = NO;
				CLANG_ANALYZER_NONNULL = YES;
				CLANG_ANALYZER_NUMBER_OBJECT_CONVERSION = YES_AGGRESSIVE;
				CLANG_CXX_LANGUAGE_STANDARD = "gnu++17";
				CLANG_ENABLE_MODULES = YES;
				CLANG_ENABLE_OBJC_ARC = YES;
				CLANG_ENABLE_OBJC_WEAK = YES;
				CLANG_WARN_BLOCK_CAPTURE_AUTORELEASING = YES;
				CLANG_WARN_BOOL_CONVERSION = YES;
				CLANG_WARN_COMMA = YES;
				CLANG_WARN_CONSTANT_CONVERSION = YES;
				CLANG_WARN_DEPRECATED_OBJC_IMPLEMENTATIONS = YES;
				CLANG_WARN_DIRECT_OBJC_ISA_USAGE = YES_ERROR;
				CLANG_WARN_DOCUMENTATION_COMMENTS = YES;
				CLANG_WARN_EMPTY_BODY = YES;
				CLANG_WARN_ENUM_CONVERSION = YES;
				CLANG_WARN_INFINITE_RECURSION = YES;
				CLANG_WARN_INT_CONVERSION = YES;
				CLANG_WARN_NON_LITERAL_NULL_CONVERSION = YES;
				CLANG_WARN_OBJC_IMPLICIT_RETAIN_SELF = YES;
				CLANG_WARN_OBJC_LITERAL_CONVERSION = YES;
				CLANG_WARN_OBJC_ROOT_CLASS = YES_ERROR;
				CLANG_WARN_QUOTED_INCLUDE_IN_FRAMEWORK_HEADER = YES;
				CLANG_WARN_RANGE_LOOP_ANALYSIS = YES;
				CLANG_WARN_STRICT_PROTOTYPES = YES;
				CLANG_WARN_SUSPICIOUS_MOVE = YES;
				CLANG_WARN_UNGUARDED_AVAILABILITY = YES_AGGRESSIVE;
				CLANG_WARN_UNREACHABLE_CODE = YES;
				CLANG_WARN__DUPLICATE_METHOD_MATCH = YES;
				COPY_PHASE_STRIP = NO;
				DEBUG_INFORMATION_FORMAT = dwarf;
				ENABLE_STRICT_OBJC_MSGSEND = YES;
				ENABLE_TESTABILITY = YES;
				GCC_C_LANGUAGE_STANDARD = gnu11;
				GCC_DYNAMIC_NO_PIC = NO;
				GCC_NO_COMMON_BLOCKS = YES;
				GCC_OPTIMIZATION_LEVEL = 0;
				GCC_PREPROCESSOR_DEFINITIONS = (
					"DEBUG=1",
					"$(inherited)",
				);
				GCC_WARN_64_TO_32_BIT_CONVERSION = YES;
				GCC_WARN_ABOUT_RETURN_TYPE = YES_ERROR;
				GCC_WARN_UNDECLARED_SELECTOR = YES;
				GCC_WARN_UNINITIALIZED_AUTOS = YES_AGGRESSIVE;
				GCC_WARN_UNUSED_FUNCTION = YES;
				GCC_WARN_UNUSED_VARIABLE = YES;
				IPHONEOS_DEPLOYMENT_TARGET = 15.5;
				MTL_ENABLE_DEBUG_INFO = INCLUDE_SOURCE;
				MTL_FAST_MATH = YES;
				ONLY_ACTIVE_ARCH = YES;
				SDKROOT = iphoneos;
				SWIFT_ACTIVE_COMPILATION_CONDITIONS = DEBUG;
				SWIFT_OPTIMIZATION_LEVEL = "-Onone";
			};
			name = Debug;
		};
		CEDCA89C28A1E1CC002948C2 /* Release */ = {
			isa = XCBuildConfiguration;
			buildSettings = {
				ALWAYS_SEARCH_USER_PATHS = NO;
				CLANG_ANALYZER_NONNULL = YES;
				CLANG_ANALYZER_NUMBER_OBJECT_CONVERSION = YES_AGGRESSIVE;
				CLANG_CXX_LANGUAGE_STANDARD = "gnu++17";
				CLANG_ENABLE_MODULES = YES;
				CLANG_ENABLE_OBJC_ARC = YES;
				CLANG_ENABLE_OBJC_WEAK = YES;
				CLANG_WARN_BLOCK_CAPTURE_AUTORELEASING = YES;
				CLANG_WARN_BOOL_CONVERSION = YES;
				CLANG_WARN_COMMA = YES;
				CLANG_WARN_CONSTANT_CONVERSION = YES;
				CLANG_WARN_DEPRECATED_OBJC_IMPLEMENTATIONS = YES;
				CLANG_WARN_DIRECT_OBJC_ISA_USAGE = YES_ERROR;
				CLANG_WARN_DOCUMENTATION_COMMENTS = YES;
				CLANG_WARN_EMPTY_BODY = YES;
				CLANG_WARN_ENUM_CONVERSION = YES;
				CLANG_WARN_INFINITE_RECURSION = YES;
				CLANG_WARN_INT_CONVERSION = YES;
				CLANG_WARN_NON_LITERAL_NULL_CONVERSION = YES;
				CLANG_WARN_OBJC_IMPLICIT_RETAIN_SELF = YES;
				CLANG_WARN_OBJC_LITERAL_CONVERSION = YES;
				CLANG_WARN_OBJC_ROOT_CLASS = YES_ERROR;
				CLANG_WARN_QUOTED_INCLUDE_IN_FRAMEWORK_HEADER = YES;
				CLANG_WARN_RANGE_LOOP_ANALYSIS = YES;
				CLANG_WARN_STRICT_PROTOTYPES = YES;
				CLANG_WARN_SUSPICIOUS_MOVE = YES;
				CLANG_WARN_UNGUARDED_AVAILABILITY = YES_AGGRESSIVE;
				CLANG_WARN_UNREACHABLE_CODE = YES;
				CLANG_WARN__DUPLICATE_METHOD_MATCH = YES;
				COPY_PHASE_STRIP = NO;
				DEBUG_INFORMATION_FORMAT = "dwarf-with-dsym";
				ENABLE_NS_ASSERTIONS = NO;
				ENABLE_STRICT_OBJC_MSGSEND = YES;
				GCC_C_LANGUAGE_STANDARD = gnu11;
				GCC_NO_COMMON_BLOCKS = YES;
				GCC_WARN_64_TO_32_BIT_CONVERSION = YES;
				GCC_WARN_ABOUT_RETURN_TYPE = YES_ERROR;
				GCC_WARN_UNDECLARED_SELECTOR = YES;
				GCC_WARN_UNINITIALIZED_AUTOS = YES_AGGRESSIVE;
				GCC_WARN_UNUSED_FUNCTION = YES;
				GCC_WARN_UNUSED_VARIABLE = YES;
				IPHONEOS_DEPLOYMENT_TARGET = 15.5;
				MTL_ENABLE_DEBUG_INFO = NO;
				MTL_FAST_MATH = YES;
				SDKROOT = iphoneos;
				SWIFT_COMPILATION_MODE = wholemodule;
				SWIFT_OPTIMIZATION_LEVEL = "-O";
				VALIDATE_PRODUCT = YES;
			};
			name = Release;
		};
		CEDCA89E28A1E1CC002948C2 /* Debug */ = {
			isa = XCBuildConfiguration;
			buildSettings = {
				ASSETCATALOG_COMPILER_APPICON_NAME = AppIcon;
				ASSETCATALOG_COMPILER_GLOBAL_ACCENT_COLOR_NAME = AccentColor;
				CODE_SIGN_STYLE = Automatic;
				CURRENT_PROJECT_VERSION = 1;
				DEVELOPMENT_TEAM = T35TLF5PUQ;
				GENERATE_INFOPLIST_FILE = YES;
				INFOPLIST_FILE = CoreDataDoList/Info.plist;
				INFOPLIST_KEY_UIApplicationSupportsIndirectInputEvents = YES;
				INFOPLIST_KEY_UILaunchStoryboardName = LaunchScreen;
				INFOPLIST_KEY_UIMainStoryboardFile = Main;
				INFOPLIST_KEY_UISupportedInterfaceOrientations_iPad = "UIInterfaceOrientationPortrait UIInterfaceOrientationPortraitUpsideDown UIInterfaceOrientationLandscapeLeft UIInterfaceOrientationLandscapeRight";
				INFOPLIST_KEY_UISupportedInterfaceOrientations_iPhone = "UIInterfaceOrientationPortrait UIInterfaceOrientationLandscapeLeft UIInterfaceOrientationLandscapeRight";
				LD_RUNPATH_SEARCH_PATHS = (
					"$(inherited)",
					"@executable_path/Frameworks",
				);
				MARKETING_VERSION = 1.0;
				PRODUCT_BUNDLE_IDENTIFIER = co.kaanyeyrekk.CoreDataDoList;
				PRODUCT_NAME = "$(TARGET_NAME)";
				SWIFT_EMIT_LOC_STRINGS = YES;
				SWIFT_VERSION = 5.0;
				TARGETED_DEVICE_FAMILY = "1,2";
			};
			name = Debug;
		};
		CEDCA89F28A1E1CC002948C2 /* Release */ = {
			isa = XCBuildConfiguration;
			buildSettings = {
				ASSETCATALOG_COMPILER_APPICON_NAME = AppIcon;
				ASSETCATALOG_COMPILER_GLOBAL_ACCENT_COLOR_NAME = AccentColor;
				CODE_SIGN_STYLE = Automatic;
				CURRENT_PROJECT_VERSION = 1;
				DEVELOPMENT_TEAM = T35TLF5PUQ;
				GENERATE_INFOPLIST_FILE = YES;
				INFOPLIST_FILE = CoreDataDoList/Info.plist;
				INFOPLIST_KEY_UIApplicationSupportsIndirectInputEvents = YES;
				INFOPLIST_KEY_UILaunchStoryboardName = LaunchScreen;
				INFOPLIST_KEY_UIMainStoryboardFile = Main;
				INFOPLIST_KEY_UISupportedInterfaceOrientations_iPad = "UIInterfaceOrientationPortrait UIInterfaceOrientationPortraitUpsideDown UIInterfaceOrientationLandscapeLeft UIInterfaceOrientationLandscapeRight";
				INFOPLIST_KEY_UISupportedInterfaceOrientations_iPhone = "UIInterfaceOrientationPortrait UIInterfaceOrientationLandscapeLeft UIInterfaceOrientationLandscapeRight";
				LD_RUNPATH_SEARCH_PATHS = (
					"$(inherited)",
					"@executable_path/Frameworks",
				);
				MARKETING_VERSION = 1.0;
				PRODUCT_BUNDLE_IDENTIFIER = co.kaanyeyrekk.CoreDataDoList;
				PRODUCT_NAME = "$(TARGET_NAME)";
				SWIFT_EMIT_LOC_STRINGS = YES;
				SWIFT_VERSION = 5.0;
				TARGETED_DEVICE_FAMILY = "1,2";
			};
			name = Release;
		};
/* End XCBuildConfiguration section */

/* Begin XCConfigurationList section */
		CEDCA88128A1E1C9002948C2 /* Build configuration list for PBXProject "CoreDataDoList" */ = {
			isa = XCConfigurationList;
			buildConfigurations = (
				CEDCA89B28A1E1CC002948C2 /* Debug */,
				CEDCA89C28A1E1CC002948C2 /* Release */,
			);
			defaultConfigurationIsVisible = 0;
			defaultConfigurationName = Release;
		};
		CEDCA89D28A1E1CC002948C2 /* Build configuration list for PBXNativeTarget "CoreDataDoList" */ = {
			isa = XCConfigurationList;
			buildConfigurations = (
				CEDCA89E28A1E1CC002948C2 /* Debug */,
				CEDCA89F28A1E1CC002948C2 /* Release */,
			);
			defaultConfigurationIsVisible = 0;
			defaultConfigurationName = Release;
		};
/* End XCConfigurationList section */

/* Begin XCVersionGroup section */
		CEDCA89228A1E1C9002948C2 /* CoreDataDoList.xcdatamodeld */ = {
			isa = XCVersionGroup;
			children = (
				CEDCA89328A1E1C9002948C2 /* CoreDataDoList.xcdatamodel */,
			);
			currentVersion = CEDCA89328A1E1C9002948C2 /* CoreDataDoList.xcdatamodel */;
			path = CoreDataDoList.xcdatamodeld;
			sourceTree = "<group>";
			versionGroupType = wrapper.xcdatamodel;
		};
/* End XCVersionGroup section */
	};
	rootObject = CEDCA87E28A1E1C9002948C2 /* Project object */;
}
